
Microsoft Visual Studio Solution File, Format Version 12.00
# Visual Studio Version 17
VisualStudioVersion = 17.5.33516.290
MinimumVisualStudioVersion = 10.0.40219.1
Project("{9A19103F-16F7-4668-BE54-9A1E7A4F7556}") = "ClientTest", "ClientTest\ClientTest.csproj", "{65D029C2-46C3-4D01-BC1D-0F9ECA3B5ADD}"
EndProject
Project("{9A19103F-16F7-4668-BE54-9A1E7A4F7556}") = "Client", "Client\Client.csproj", "{DA0F9F1C-8B53-433E-83D7-D61C882A06EF}"
EndProject
Project("{9A19103F-16F7-4668-BE54-9A1E7A4F7556}") = "Service", "Service\Service.csproj", "{94E62C76-1824-47AD-BC41-1E24DDDD0B22}"
EndProject
Global
	GlobalSection(SolutionConfigurationPlatforms) = preSolution
		Debug|Any CPU = Debug|Any CPU
		Release|Any CPU = Release|Any CPU
	EndGlobalSection
	GlobalSection(ProjectConfigurationPlatforms) = postSolution
		{65D029C2-46C3-4D01-BC1D-0F9ECA3B5ADD}.Debug|Any CPU.ActiveCfg = Debug|Any CPU
		{65D029C2-46C3-4D01-BC1D-0F9ECA3B5ADD}.Debug|Any CPU.Build.0 = Debug|Any CPU
		{65D029C2-46C3-4D01-BC1D-0F9ECA3B5ADD}.Release|Any CPU.ActiveCfg = Release|Any CPU
		{65D029C2-46C3-4D01-BC1D-0F9ECA3B5ADD}.Release|Any CPU.Build.0 = Release|Any CPU
		{DA0F9F1C-8B53-433E-83D7-D61C882A06EF}.Debug|Any CPU.ActiveCfg = Debug|Any CPU
		{DA0F9F1C-8B53-433E-83D7-D61C882A06EF}.Debug|Any CPU.Build.0 = Debug|Any CPU
		{DA0F9F1C-8B53-433E-83D7-D61C882A06EF}.Release|Any CPU.ActiveCfg = Release|Any CPU
		{DA0F9F1C-8B53-433E-83D7-D61C882A06EF}.Release|Any CPU.Build.0 = Release|Any CPU
		{94E62C76-1824-47AD-BC41-1E24DDDD0B22}.Debug|Any CPU.ActiveCfg = Debug|Any CPU
		{94E62C76-1824-47AD-BC41-1E24DDDD0B22}.Debug|Any CPU.Build.0 = Debug|Any CPU
		{94E62C76-1824-47AD-BC41-1E24DDDD0B22}.Release|Any CPU.ActiveCfg = Release|Any CPU
		{94E62C76-1824-47AD-BC41-1E24DDDD0B22}.Release|Any CPU.Build.0 = Release|Any CPU
	EndGlobalSection
	GlobalSection(SolutionProperties) = preSolution
		HideSolutionNode = FALSE
	EndGlobalSection
	GlobalSection(ExtensibilityGlobals) = postSolution
		SolutionGuid = {1262BEE6-948D-47D5-A8C2-C53840D97AA6}
	EndGlobalSection
EndGlobal
